<?xml version="1.0" encoding="utf-8"?>
<!--
 Licensed to the Apache Software Foundation (ASF) under one
 or more contributor license agreements.  See the NOTICE file
 distributed with this work for additional information
 regarding copyright ownership.  The ASF licenses this file
 to you under the Apache License, Version 2.0 (the
 "License"); you may not use this file except in compliance
 with the License.  You may obtain a copy of the License at
 
     http://www.apache.org/licenses/LICENSE-2.0
 
 Unless required by applicable law or agreed to in writing, software
 distributed under the License is distributed on an "AS IS" BASIS,
 WITHOUT WARRANTIES OR CONDITIONS OF ANY KIND, either express or implied.
 See the License for the specific language governing permissions and
 limitations under the License.
-->
<Project ToolsVersion="4.0" xmlns="http://schemas.microsoft.com/developer/msbuild/2003">
  <ItemGroup>
    <Filter Include="Source Files">
      <UniqueIdentifier>{efeb7ed9-b598-42d8-967a-3719de638898}</UniqueIdentifier>
      <Extensions>cpp;c;cxx;rc;def;r;odl;idl;hpj;bat</Extensions>
    </Filter>
    <Filter Include="Header Files">
      <UniqueIdentifier>{0f3d4b31-2e15-4c60-a636-0e2b88c156b8}</UniqueIdentifier>
      <Extensions>h;hpp;hxx;hm;inl</Extensions>
    </Filter>
    <Filter Include="Resource Files">
      <UniqueIdentifier>{7665d88b-ed3f-46ef-9f54-b8d45fb141d5}</UniqueIdentifier>
      <Extensions>ico;cur;bmp;dlg;rc2;rct;bin;rgs;gif;jpg;jpeg;jpe</Extensions>
    </Filter>
  </ItemGroup>
  <ItemGroup>
    <ClCompile Include="KO_ALLOC.CPP">
      <Filter>Source Files</Filter>
    </ClCompile>
    <ClCompile Include="KO_ATTR.CPP">
      <Filter>Source Files</Filter>
    </ClCompile>
    <ClCompile Include="KO_CONN.CPP">
      <Filter>Source Files</Filter>
    </ClCompile>
    <ClCompile Include="KO_CTLG.CPP">
      <Filter>Source Files</Filter>
    </ClCompile>
    <ClCompile Include="KO_DESC.CPP">
      <Filter>Source Files</Filter>
    </ClCompile>
    <ClCompile Include="KO_DIAG.CPP">
      <Filter>Source Files</Filter>
    </ClCompile>
    <ClCompile Include="KO_DTYPE.CPP">
      <Filter>Source Files</Filter>
    </ClCompile>
    <ClCompile Include="KO_EXEC.CPP">
      <Filter>Source Files</Filter>
    </ClCompile>
    <ClCompile Include="KO_FETCH.CPP">
      <Filter>Source Files</Filter>
    </ClCompile>
    <ClCompile Include="KO_INFO.CPP">
      <Filter>Source Files</Filter>
    </ClCompile>
    <ClCompile Include="KO_PARAM.CPP">
      <Filter>Source Files</Filter>
    </ClCompile>
    <ClCompile Include="KO_UTILS.CPP">
      <Filter>Source Files</Filter>
    </ClCompile>
    <ClCompile Include="KylinODBC.CPP">
      <Filter>Source Files</Filter>
    </ClCompile>
    <ClCompile Include="KO_CONFIG.CPP">
      <Filter>Source Files</Filter>
    </ClCompile>
    <ClCompile Include="stdafx.cpp">
      <Filter>Source Files</Filter>
    </ClCompile>
  </ItemGroup>
  <ItemGroup>
    <ClInclude Include="resource.h">
      <Filter>Header Files</Filter>
    </ClInclude>
    <ClInclude Include="KylinODBC.H">
      <Filter>Header Files</Filter>
    </ClInclude>
    <ClInclude Include="stdafx.h">
      <Filter>Header Files</Filter>
    </ClInclude>
  </ItemGroup>
  <ItemGroup>
    <ResourceCompile Include="GODBC.RC">
      <Filter>Resource Files</Filter>
    </ResourceCompile>
  </ItemGroup>
  <ItemGroup>
    <CustomBuild Include="driver.DEF">
      <Filter>Source Files</Filter>
    </CustomBuild>
  </ItemGroup>
  <ItemGroup>
    <Image Include="banner.bmp">
      <Filter>Resource Files</Filter>
    </Image>
  </ItemGroup>
</Project>